
Microsoft Visual Studio Solution File, Format Version 12.00
# Visual Studio Version 17
VisualStudioVersion = 17.0.31903.59
MinimumVisualStudioVersion = 10.0.40219.1
Project("{2150E333-8FDC-42A3-9474-1A3956D46DE8}") = "src", "src", "{827E0CD3-B72D-47B6-A68D-7590B98EB39B}"
EndProject
Project("{FAE04EC0-301F-11D3-BF4B-00C04F79EFBC}") = "LexFlow.Domain", "src\LexFlow.Domain\LexFlow.Domain.csproj", "{26F24A50-7F1D-4F41-84B4-D77CC7B1A933}"
EndProject
Project("{FAE04EC0-301F-11D3-BF4B-00C04F79EFBC}") = "LexFlow.Application", "src\LexFlow.Application\LexFlow.Application.csproj", "{6C2EAE29-69CA-4951-B821-2B77E4DDE9C1}"
EndProject
Project("{FAE04EC0-301F-11D3-BF4B-00C04F79EFBC}") = "LexFlow.Infrastructure", "src\LexFlow.Infrastructure\LexFlow.Infrastructure.csproj", "{F30F5A81-2FC8-4BA3-8775-C33EA6C18FB2}"
EndProject
Project("{FAE04EC0-301F-11D3-BF4B-00C04F79EFBC}") = "LexFlow.Api", "src\LexFlow.Api\LexFlow.Api.csproj", "{982A34EA-BC87-402A-8358-7AD84538F513}"
EndProject
Project("{FAE04EC0-301F-11D3-BF4B-00C04F79EFBC}") = "LexFlow.Workers", "src\LexFlow.Workers\LexFlow.Workers.csproj", "{CFA28A25-ACD5-4D8F-AE67-FCC2224CE148}"
EndProject
Project("{FAE04EC0-301F-11D3-BF4B-00C04F79EFBC}") = "LexFlow.UnitTests", "tests\LexFlow.UnitTests\LexFlow.UnitTests.csproj", "{82CE5F14-24A5-4A8A-94FB-E50CF3F02A81}"
EndProject
Project("{FAE04EC0-301F-11D3-BF4B-00C04F79EFBC}") = "LexFlow.IntegrationTests", "tests\LexFlow.IntegrationTests\LexFlow.IntegrationTests.csproj", "{99262755-C5C3-4B56-AC25-F41F867D40B4}"
EndProject
Project("{FAE04EC0-301F-11D3-BF4B-00C04F79EFBC}") = "LexFlow.E2ETests", "tests\LexFlow.E2ETests\LexFlow.E2ETests.csproj", "{6663F353-B03F-4C07-A808-9B7F4B002FA8}"
EndProject
Global
	GlobalSection(SolutionConfigurationPlatforms) = preSolution
		Debug|Any CPU = Debug|Any CPU
		Debug|x64 = Debug|x64
		Debug|x86 = Debug|x86
		Release|Any CPU = Release|Any CPU
		Release|x64 = Release|x64
		Release|x86 = Release|x86
	EndGlobalSection
	GlobalSection(ProjectConfigurationPlatforms) = postSolution
		{26F24A50-7F1D-4F41-84B4-D77CC7B1A933}.Debug|Any CPU.ActiveCfg = Debug|Any CPU
		{26F24A50-7F1D-4F41-84B4-D77CC7B1A933}.Debug|Any CPU.Build.0 = Debug|Any CPU
		{26F24A50-7F1D-4F41-84B4-D77CC7B1A933}.Debug|x64.ActiveCfg = Debug|Any CPU
		{26F24A50-7F1D-4F41-84B4-D77CC7B1A933}.Debug|x64.Build.0 = Debug|Any CPU
		{26F24A50-7F1D-4F41-84B4-D77CC7B1A933}.Debug|x86.ActiveCfg = Debug|Any CPU
		{26F24A50-7F1D-4F41-84B4-D77CC7B1A933}.Debug|x86.Build.0 = Debug|Any CPU
		{26F24A50-7F1D-4F41-84B4-D77CC7B1A933}.Release|Any CPU.ActiveCfg = Release|Any CPU
		{26F24A50-7F1D-4F41-84B4-D77CC7B1A933}.Release|Any CPU.Build.0 = Release|Any CPU
		{26F24A50-7F1D-4F41-84B4-D77CC7B1A933}.Release|x64.ActiveCfg = Release|Any CPU
		{26F24A50-7F1D-4F41-84B4-D77CC7B1A933}.Release|x64.Build.0 = Release|Any CPU
		{26F24A50-7F1D-4F41-84B4-D77CC7B1A933}.Release|x86.ActiveCfg = Release|Any CPU
		{26F24A50-7F1D-4F41-84B4-D77CC7B1A933}.Release|x86.Build.0 = Release|Any CPU
		{6C2EAE29-69CA-4951-B821-2B77E4DDE9C1}.Debug|Any CPU.ActiveCfg = Debug|Any CPU
		{6C2EAE29-69CA-4951-B821-2B77E4DDE9C1}.Debug|Any CPU.Build.0 = Debug|Any CPU
		{6C2EAE29-69CA-4951-B821-2B77E4DDE9C1}.Debug|x64.ActiveCfg = Debug|Any CPU
		{6C2EAE29-69CA-4951-B821-2B77E4DDE9C1}.Debug|x64.Build.0 = Debug|Any CPU
		{6C2EAE29-69CA-4951-B821-2B77E4DDE9C1}.Debug|x86.ActiveCfg = Debug|Any CPU
		{6C2EAE29-69CA-4951-B821-2B77E4DDE9C1}.Debug|x86.Build.0 = Debug|Any CPU
		{6C2EAE29-69CA-4951-B821-2B77E4DDE9C1}.Release|Any CPU.ActiveCfg = Release|Any CPU
		{6C2EAE29-69CA-4951-B821-2B77E4DDE9C1}.Release|Any CPU.Build.0 = Release|Any CPU
		{6C2EAE29-69CA-4951-B821-2B77E4DDE9C1}.Release|x64.ActiveCfg = Release|Any CPU
		{6C2EAE29-69CA-4951-B821-2B77E4DDE9C1}.Release|x64.Build.0 = Release|Any CPU
		{6C2EAE29-69CA-4951-B821-2B77E4DDE9C1}.Release|x86.ActiveCfg = Release|Any CPU
		{6C2EAE29-69CA-4951-B821-2B77E4DDE9C1}.Release|x86.Build.0 = Release|Any CPU
		{F30F5A81-2FC8-4BA3-8775-C33EA6C18FB2}.Debug|Any CPU.ActiveCfg = Debug|Any CPU
		{F30F5A81-2FC8-4BA3-8775-C33EA6C18FB2}.Debug|Any CPU.Build.0 = Debug|Any CPU
		{F30F5A81-2FC8-4BA3-8775-C33EA6C18FB2}.Debug|x64.ActiveCfg = Debug|Any CPU
		{F30F5A81-2FC8-4BA3-8775-C33EA6C18FB2}.Debug|x64.Build.0 = Debug|Any CPU
		{F30F5A81-2FC8-4BA3-8775-C33EA6C18FB2}.Debug|x86.ActiveCfg = Debug|Any CPU
		{F30F5A81-2FC8-4BA3-8775-C33EA6C18FB2}.Debug|x86.Build.0 = Debug|Any CPU
		{F30F5A81-2FC8-4BA3-8775-C33EA6C18FB2}.Release|Any CPU.ActiveCfg = Release|Any CPU
		{F30F5A81-2FC8-4BA3-8775-C33EA6C18FB2}.Release|Any CPU.Build.0 = Release|Any CPU
		{F30F5A81-2FC8-4BA3-8775-C33EA6C18FB2}.Release|x64.ActiveCfg = Release|Any CPU
		{F30F5A81-2FC8-4BA3-8775-C33EA6C18FB2}.Release|x64.Build.0 = Release|Any CPU
		{F30F5A81-2FC8-4BA3-8775-C33EA6C18FB2}.Release|x86.ActiveCfg = Release|Any CPU
		{F30F5A81-2FC8-4BA3-8775-C33EA6C18FB2}.Release|x86.Build.0 = Release|Any CPU
		{982A34EA-BC87-402A-8358-7AD84538F513}.Debug|Any CPU.ActiveCfg = Debug|Any CPU
		{982A34EA-BC87-402A-8358-7AD84538F513}.Debug|Any CPU.Build.0 = Debug|Any CPU
		{982A34EA-BC87-402A-8358-7AD84538F513}.Debug|x64.ActiveCfg = Debug|Any CPU
		{982A34EA-BC87-402A-8358-7AD84538F513}.Debug|x64.Build.0 = Debug|Any CPU
		{982A34EA-BC87-402A-8358-7AD84538F513}.Debug|x86.ActiveCfg = Debug|Any CPU
		{982A34EA-BC87-402A-8358-7AD84538F513}.Debug|x86.Build.0 = Debug|Any CPU
		{982A34EA-BC87-402A-8358-7AD84538F513}.Release|Any CPU.ActiveCfg = Release|Any CPU
		{982A34EA-BC87-402A-8358-7AD84538F513}.Release|Any CPU.Build.0 = Release|Any CPU
		{982A34EA-BC87-402A-8358-7AD84538F513}.Release|x64.ActiveCfg = Release|Any CPU
		{982A34EA-BC87-402A-8358-7AD84538F513}.Release|x64.Build.0 = Release|Any CPU
		{982A34EA-BC87-402A-8358-7AD84538F513}.Release|x86.ActiveCfg = Release|Any CPU
		{982A34EA-BC87-402A-8358-7AD84538F513}.Release|x86.Build.0 = Release|Any CPU
		{CFA28A25-ACD5-4D8F-AE67-FCC2224CE148}.Debug|Any CPU.ActiveCfg = Debug|Any CPU
		{CFA28A25-ACD5-4D8F-AE67-FCC2224CE148}.Debug|Any CPU.Build.0 = Debug|Any CPU
		{CFA28A25-ACD5-4D8F-AE67-FCC2224CE148}.Debug|x64.ActiveCfg = Debug|Any CPU
		{CFA28A25-ACD5-4D8F-AE67-FCC2224CE148}.Debug|x64.Build.0 = Debug|Any CPU
		{CFA28A25-ACD5-4D8F-AE67-FCC2224CE148}.Debug|x86.ActiveCfg = Debug|Any CPU
		{CFA28A25-ACD5-4D8F-AE67-FCC2224CE148}.Debug|x86.Build.0 = Debug|Any CPU
		{CFA28A25-ACD5-4D8F-AE67-FCC2224CE148}.Release|Any CPU.ActiveCfg = Release|Any CPU
		{CFA28A25-ACD5-4D8F-AE67-FCC2224CE148}.Release|Any CPU.Build.0 = Release|Any CPU
		{CFA28A25-ACD5-4D8F-AE67-FCC2224CE148}.Release|x64.ActiveCfg = Release|Any CPU
		{CFA28A25-ACD5-4D8F-AE67-FCC2224CE148}.Release|x64.Build.0 = Release|Any CPU
		{CFA28A25-ACD5-4D8F-AE67-FCC2224CE148}.Release|x86.ActiveCfg = Release|Any CPU
		{CFA28A25-ACD5-4D8F-AE67-FCC2224CE148}.Release|x86.Build.0 = Release|Any CPU
		{82CE5F14-24A5-4A8A-94FB-E50CF3F02A81}.Debug|Any CPU.ActiveCfg = Debug|Any CPU
		{82CE5F14-24A5-4A8A-94FB-E50CF3F02A81}.Debug|Any CPU.Build.0 = Debug|Any CPU
		{82CE5F14-24A5-4A8A-94FB-E50CF3F02A81}.Debug|x64.ActiveCfg = Debug|Any CPU
		{82CE5F14-24A5-4A8A-94FB-E50CF3F02A81}.Debug|x64.Build.0 = Debug|Any CPU
		{82CE5F14-24A5-4A8A-94FB-E50CF3F02A81}.Debug|x86.ActiveCfg = Debug|Any CPU
		{82CE5F14-24A5-4A8A-94FB-E50CF3F02A81}.Debug|x86.Build.0 = Debug|Any CPU
		{82CE5F14-24A5-4A8A-94FB-E50CF3F02A81}.Release|Any CPU.ActiveCfg = Release|Any CPU
		{82CE5F14-24A5-4A8A-94FB-E50CF3F02A81}.Release|Any CPU.Build.0 = Release|Any CPU
		{82CE5F14-24A5-4A8A-94FB-E50CF3F02A81}.Release|x64.ActiveCfg = Release|Any CPU
		{82CE5F14-24A5-4A8A-94FB-E50CF3F02A81}.Release|x64.Build.0 = Release|Any CPU
		{82CE5F14-24A5-4A8A-94FB-E50CF3F02A81}.Release|x86.ActiveCfg = Release|Any CPU
		{82CE5F14-24A5-4A8A-94FB-E50CF3F02A81}.Release|x86.Build.0 = Release|Any CPU
		{99262755-C5C3-4B56-AC25-F41F867D40B4}.Debug|Any CPU.ActiveCfg = Debug|Any CPU
		{99262755-C5C3-4B56-AC25-F41F867D40B4}.Debug|Any CPU.Build.0 = Debug|Any CPU
		{99262755-C5C3-4B56-AC25-F41F867D40B4}.Debug|x64.ActiveCfg = Debug|Any CPU
		{99262755-C5C3-4B56-AC25-F41F867D40B4}.Debug|x64.Build.0 = Debug|Any CPU
		{99262755-C5C3-4B56-AC25-F41F867D40B4}.Debug|x86.ActiveCfg = Debug|Any CPU
		{99262755-C5C3-4B56-AC25-F41F867D40B4}.Debug|x86.Build.0 = Debug|Any CPU
		{99262755-C5C3-4B56-AC25-F41F867D40B4}.Release|Any CPU.ActiveCfg = Release|Any CPU
		{99262755-C5C3-4B56-AC25-F41F867D40B4}.Release|Any CPU.Build.0 = Release|Any CPU
		{99262755-C5C3-4B56-AC25-F41F867D40B4}.Release|x64.ActiveCfg = Release|Any CPU
		{99262755-C5C3-4B56-AC25-F41F867D40B4}.Release|x64.Build.0 = Release|Any CPU
		{99262755-C5C3-4B56-AC25-F41F867D40B4}.Release|x86.ActiveCfg = Release|Any CPU
		{99262755-C5C3-4B56-AC25-F41F867D40B4}.Release|x86.Build.0 = Release|Any CPU
		{6663F353-B03F-4C07-A808-9B7F4B002FA8}.Debug|Any CPU.ActiveCfg = Debug|Any CPU
		{6663F353-B03F-4C07-A808-9B7F4B002FA8}.Debug|Any CPU.Build.0 = Debug|Any CPU
		{6663F353-B03F-4C07-A808-9B7F4B002FA8}.Debug|x64.ActiveCfg = Debug|Any CPU
		{6663F353-B03F-4C07-A808-9B7F4B002FA8}.Debug|x64.Build.0 = Debug|Any CPU
		{6663F353-B03F-4C07-A808-9B7F4B002FA8}.Debug|x86.ActiveCfg = Debug|Any CPU
		{6663F353-B03F-4C07-A808-9B7F4B002FA8}.Debug|x86.Build.0 = Debug|Any CPU
		{6663F353-B03F-4C07-A808-9B7F4B002FA8}.Release|Any CPU.ActiveCfg = Release|Any CPU
		{6663F353-B03F-4C07-A808-9B7F4B002FA8}.Release|Any CPU.Build.0 = Release|Any CPU
		{6663F353-B03F-4C07-A808-9B7F4B002FA8}.Release|x64.ActiveCfg = Release|Any CPU
		{6663F353-B03F-4C07-A808-9B7F4B002FA8}.Release|x64.Build.0 = Release|Any CPU
		{6663F353-B03F-4C07-A808-9B7F4B002FA8}.Release|x86.ActiveCfg = Release|Any CPU
		{6663F353-B03F-4C07-A808-9B7F4B002FA8}.Release|x86.Build.0 = Release|Any CPU
	EndGlobalSection
	GlobalSection(SolutionProperties) = preSolution
		HideSolutionNode = FALSE
	EndGlobalSection
	GlobalSection(NestedProjects) = preSolution
		{26F24A50-7F1D-4F41-84B4-D77CC7B1A933} = {827E0CD3-B72D-47B6-A68D-7590B98EB39B}
		{6C2EAE29-69CA-4951-B821-2B77E4DDE9C1} = {827E0CD3-B72D-47B6-A68D-7590B98EB39B}
		{F30F5A81-2FC8-4BA3-8775-C33EA6C18FB2} = {827E0CD3-B72D-47B6-A68D-7590B98EB39B}
		{982A34EA-BC87-402A-8358-7AD84538F513} = {827E0CD3-B72D-47B6-A68D-7590B98EB39B}
		{CFA28A25-ACD5-4D8F-AE67-FCC2224CE148} = {827E0CD3-B72D-47B6-A68D-7590B98EB39B}
		{82CE5F14-24A5-4A8A-94FB-E50CF3F02A81} = {827E0CD3-B72D-47B6-A68D-7590B98EB39B}
		{99262755-C5C3-4B56-AC25-F41F867D40B4} = {827E0CD3-B72D-47B6-A68D-7590B98EB39B}
		{6663F353-B03F-4C07-A808-9B7F4B002FA8} = {827E0CD3-B72D-47B6-A68D-7590B98EB39B}
	EndGlobalSection
EndGlobal
